
Microsoft Visual Studio Solution File, Format Version 12.00
# Visual Studio Version 16
VisualStudioVersion = 16.0.28803.202
MinimumVisualStudioVersion = 10.0.40219.1
Project("{9A19103F-16F7-4668-BE54-9A1E7A4F7556}") = "CMS.Api", "CMS.Api\CMS.Api.csproj", "{5BE93402-0F29-4119-AE0D-CEE8CEBC01C5}"
EndProject
Project("{9A19103F-16F7-4668-BE54-9A1E7A4F7556}") = "CMS.Core", "CMS.Core\CMS.Core.csproj", "{2A7966D7-A615-47B2-BDA3-B0EDDDDBA3B8}"
EndProject
Project("{9A19103F-16F7-4668-BE54-9A1E7A4F7556}") = "CMS.Cars.Application", "Context\Cars\CMS.Cars.Application\CMS.Cars.Application.csproj", "{8C0A014C-FE89-4203-AEBF-651D94860001}"
EndProject
Project("{2150E333-8FDC-42A3-9474-1A3956D46DE8}") = "Web", "Web", "{D11237AE-243D-42C1-8A25-82170DC49813}"
EndProject
Project("{2150E333-8FDC-42A3-9474-1A3956D46DE8}") = "Context", "Context", "{C9D38D4D-87B1-4842-802C-D87155CC4C22}"
EndProject
Project("{2150E333-8FDC-42A3-9474-1A3956D46DE8}") = "Cars", "Cars", "{714F7E22-DCDF-47C6-AB4A-8D566A85BB86}"
EndProject
Project("{9A19103F-16F7-4668-BE54-9A1E7A4F7556}") = "CMS.Cars.Domain", "Context\Cars\CMS.Cars.Domain\CMS.Cars.Domain.csproj", "{F23FC430-23FA-4E8B-B8FD-E6545F92E242}"
EndProject
Project("{9A19103F-16F7-4668-BE54-9A1E7A4F7556}") = "CMS.Cars.Infrastructure", "Context\Cars\CMS.Cars.Infrastructure\CMS.Cars.Infrastructure.csproj", "{9E5FF504-D12D-48D2-BB1D-79993C37C70C}"
EndProject
Project("{2150E333-8FDC-42A3-9474-1A3956D46DE8}") = "Test", "Test", "{BAB0C70D-9DE4-4F9D-9348-1D7524870681}"
EndProject
Project("{2150E333-8FDC-42A3-9474-1A3956D46DE8}") = "Car", "Car", "{898C7FA7-B7B9-4218-8F70-CA44889CFD54}"
EndProject
Project("{9A19103F-16F7-4668-BE54-9A1E7A4F7556}") = "CMS.Cars.Domain.Tests", "Test\Car\CMS.Cars.Domain.Tests\CMS.Cars.Domain.Tests.csproj", "{79C8D8C1-AC47-4ADE-BF45-AC1010E43A32}"
EndProject
Project("{9A19103F-16F7-4668-BE54-9A1E7A4F7556}") = "CMS.Cars.Message", "Context\Cars\CMS.Cars.Message\CMS.Cars.Message.csproj", "{7FE8AEA6-B75F-4224-B4D4-ACB41526CC98}"
EndProject
Project("{9A19103F-16F7-4668-BE54-9A1E7A4F7556}") = "CMS.Cars.Autofac", "Context\Cars\CMS.Cars.Autofac\CMS.Cars.Autofac.csproj", "{302B847D-CCDB-4E69-96FA-59542C5C92FF}"
EndProject
Project("{2150E333-8FDC-42A3-9474-1A3956D46DE8}") = "Notifications", "Notifications", "{2287336D-09A4-4A98-866F-AF4853544FF1}"
EndProject
Project("{9A19103F-16F7-4668-BE54-9A1E7A4F7556}") = "Cms.Notifications", "Context\Notifications\Cms.Notifications\Cms.Notifications.csproj", "{2AAC8A80-33B3-41E6-A8D7-55AC4AFA824C}"
EndProject
Global
	GlobalSection(SolutionConfigurationPlatforms) = preSolution
		Debug|Any CPU = Debug|Any CPU
		Release|Any CPU = Release|Any CPU
	EndGlobalSection
	GlobalSection(ProjectConfigurationPlatforms) = postSolution
		{5BE93402-0F29-4119-AE0D-CEE8CEBC01C5}.Debug|Any CPU.ActiveCfg = Debug|Any CPU
		{5BE93402-0F29-4119-AE0D-CEE8CEBC01C5}.Debug|Any CPU.Build.0 = Debug|Any CPU
		{5BE93402-0F29-4119-AE0D-CEE8CEBC01C5}.Release|Any CPU.ActiveCfg = Release|Any CPU
		{5BE93402-0F29-4119-AE0D-CEE8CEBC01C5}.Release|Any CPU.Build.0 = Release|Any CPU
		{2A7966D7-A615-47B2-BDA3-B0EDDDDBA3B8}.Debug|Any CPU.ActiveCfg = Debug|Any CPU
		{2A7966D7-A615-47B2-BDA3-B0EDDDDBA3B8}.Debug|Any CPU.Build.0 = Debug|Any CPU
		{2A7966D7-A615-47B2-BDA3-B0EDDDDBA3B8}.Release|Any CPU.ActiveCfg = Release|Any CPU
		{2A7966D7-A615-47B2-BDA3-B0EDDDDBA3B8}.Release|Any CPU.Build.0 = Release|Any CPU
		{8C0A014C-FE89-4203-AEBF-651D94860001}.Debug|Any CPU.ActiveCfg = Debug|Any CPU
		{8C0A014C-FE89-4203-AEBF-651D94860001}.Debug|Any CPU.Build.0 = Debug|Any CPU
		{8C0A014C-FE89-4203-AEBF-651D94860001}.Release|Any CPU.ActiveCfg = Release|Any CPU
		{8C0A014C-FE89-4203-AEBF-651D94860001}.Release|Any CPU.Build.0 = Release|Any CPU
		{F23FC430-23FA-4E8B-B8FD-E6545F92E242}.Debug|Any CPU.ActiveCfg = Debug|Any CPU
		{F23FC430-23FA-4E8B-B8FD-E6545F92E242}.Debug|Any CPU.Build.0 = Debug|Any CPU
		{F23FC430-23FA-4E8B-B8FD-E6545F92E242}.Release|Any CPU.ActiveCfg = Release|Any CPU
		{F23FC430-23FA-4E8B-B8FD-E6545F92E242}.Release|Any CPU.Build.0 = Release|Any CPU
		{9E5FF504-D12D-48D2-BB1D-79993C37C70C}.Debug|Any CPU.ActiveCfg = Debug|Any CPU
		{9E5FF504-D12D-48D2-BB1D-79993C37C70C}.Debug|Any CPU.Build.0 = Debug|Any CPU
		{9E5FF504-D12D-48D2-BB1D-79993C37C70C}.Release|Any CPU.ActiveCfg = Release|Any CPU
		{9E5FF504-D12D-48D2-BB1D-79993C37C70C}.Release|Any CPU.Build.0 = Release|Any CPU
		{79C8D8C1-AC47-4ADE-BF45-AC1010E43A32}.Debug|Any CPU.ActiveCfg = Debug|Any CPU
		{79C8D8C1-AC47-4ADE-BF45-AC1010E43A32}.Debug|Any CPU.Build.0 = Debug|Any CPU
		{79C8D8C1-AC47-4ADE-BF45-AC1010E43A32}.Release|Any CPU.ActiveCfg = Release|Any CPU
		{79C8D8C1-AC47-4ADE-BF45-AC1010E43A32}.Release|Any CPU.Build.0 = Release|Any CPU
		{7FE8AEA6-B75F-4224-B4D4-ACB41526CC98}.Debug|Any CPU.ActiveCfg = Debug|Any CPU
		{7FE8AEA6-B75F-4224-B4D4-ACB41526CC98}.Debug|Any CPU.Build.0 = Debug|Any CPU
		{7FE8AEA6-B75F-4224-B4D4-ACB41526CC98}.Release|Any CPU.ActiveCfg = Release|Any CPU
		{7FE8AEA6-B75F-4224-B4D4-ACB41526CC98}.Release|Any CPU.Build.0 = Release|Any CPU
		{302B847D-CCDB-4E69-96FA-59542C5C92FF}.Debug|Any CPU.ActiveCfg = Debug|Any CPU
		{302B847D-CCDB-4E69-96FA-59542C5C92FF}.Debug|Any CPU.Build.0 = Debug|Any CPU
		{302B847D-CCDB-4E69-96FA-59542C5C92FF}.Release|Any CPU.ActiveCfg = Release|Any CPU
		{302B847D-CCDB-4E69-96FA-59542C5C92FF}.Release|Any CPU.Build.0 = Release|Any CPU
		{2AAC8A80-33B3-41E6-A8D7-55AC4AFA824C}.Debug|Any CPU.ActiveCfg = Debug|Any CPU
		{2AAC8A80-33B3-41E6-A8D7-55AC4AFA824C}.Debug|Any CPU.Build.0 = Debug|Any CPU
		{2AAC8A80-33B3-41E6-A8D7-55AC4AFA824C}.Release|Any CPU.ActiveCfg = Release|Any CPU
		{2AAC8A80-33B3-41E6-A8D7-55AC4AFA824C}.Release|Any CPU.Build.0 = Release|Any CPU
	EndGlobalSection
	GlobalSection(SolutionProperties) = preSolution
		HideSolutionNode = FALSE
	EndGlobalSection
	GlobalSection(NestedProjects) = preSolution
		{5BE93402-0F29-4119-AE0D-CEE8CEBC01C5} = {D11237AE-243D-42C1-8A25-82170DC49813}
		{8C0A014C-FE89-4203-AEBF-651D94860001} = {714F7E22-DCDF-47C6-AB4A-8D566A85BB86}
		{714F7E22-DCDF-47C6-AB4A-8D566A85BB86} = {C9D38D4D-87B1-4842-802C-D87155CC4C22}
		{F23FC430-23FA-4E8B-B8FD-E6545F92E242} = {714F7E22-DCDF-47C6-AB4A-8D566A85BB86}
		{9E5FF504-D12D-48D2-BB1D-79993C37C70C} = {714F7E22-DCDF-47C6-AB4A-8D566A85BB86}
		{898C7FA7-B7B9-4218-8F70-CA44889CFD54} = {BAB0C70D-9DE4-4F9D-9348-1D7524870681}
		{79C8D8C1-AC47-4ADE-BF45-AC1010E43A32} = {898C7FA7-B7B9-4218-8F70-CA44889CFD54}
		{7FE8AEA6-B75F-4224-B4D4-ACB41526CC98} = {714F7E22-DCDF-47C6-AB4A-8D566A85BB86}
		{302B847D-CCDB-4E69-96FA-59542C5C92FF} = {714F7E22-DCDF-47C6-AB4A-8D566A85BB86}
		{2287336D-09A4-4A98-866F-AF4853544FF1} = {C9D38D4D-87B1-4842-802C-D87155CC4C22}
		{2AAC8A80-33B3-41E6-A8D7-55AC4AFA824C} = {2287336D-09A4-4A98-866F-AF4853544FF1}
	EndGlobalSection
	GlobalSection(ExtensibilityGlobals) = postSolution
		SolutionGuid = {9753CC43-86E5-4C84-9862-7DE762E6C60F}
	EndGlobalSection
EndGlobal
