
Microsoft Visual Studio Solution File, Format Version 12.00
# Visual Studio 15
VisualStudioVersion = 15.0.28010.2036
MinimumVisualStudioVersion = 10.0.40219.1
Project("{9A19103F-16F7-4668-BE54-9A1E7A4F7556}") = "CMS.Api", "CMS.Api\CMS.Api.csproj", "{5BE93402-0F29-4119-AE0D-CEE8CEBC01C5}"
EndProject
Project("{9A19103F-16F7-4668-BE54-9A1E7A4F7556}") = "CMS.Core", "CMS.Core\CMS.Core.csproj", "{2A7966D7-A615-47B2-BDA3-B0EDDDDBA3B8}"
EndProject
Project("{9A19103F-16F7-4668-BE54-9A1E7A4F7556}") = "CMS.Cars.Application", "CMS.Cars.Application\CMS.Cars.Application.csproj", "{8C0A014C-FE89-4203-AEBF-651D94860001}"
EndProject
Project("{2150E333-8FDC-42A3-9474-1A3956D46DE8}") = "Web", "Web", "{D11237AE-243D-42C1-8A25-82170DC49813}"
EndProject
Project("{2150E333-8FDC-42A3-9474-1A3956D46DE8}") = "Context", "Context", "{C9D38D4D-87B1-4842-802C-D87155CC4C22}"
EndProject
Project("{2150E333-8FDC-42A3-9474-1A3956D46DE8}") = "Cars", "Cars", "{714F7E22-DCDF-47C6-AB4A-8D566A85BB86}"
EndProject
Project("{FAE04EC0-301F-11D3-BF4B-00C04F79EFBC}") = "CMS.Cars.Domain", "CMS.Cars.Domain\CMS.Cars.Domain.csproj", "{F23FC430-23FA-4E8B-B8FD-E6545F92E242}"
EndProject
Project("{FAE04EC0-301F-11D3-BF4B-00C04F79EFBC}") = "CMS.Cars.Infrastructure", "CMS.Cars.Infrastructure\CMS.Cars.Infrastructure.csproj", "{9E5FF504-D12D-48D2-BB1D-79993C37C70C}"
EndProject
Global
	GlobalSection(SolutionConfigurationPlatforms) = preSolution
		Debug|Any CPU = Debug|Any CPU
		Release|Any CPU = Release|Any CPU
	EndGlobalSection
	GlobalSection(ProjectConfigurationPlatforms) = postSolution
		{5BE93402-0F29-4119-AE0D-CEE8CEBC01C5}.Debug|Any CPU.ActiveCfg = Debug|Any CPU
		{5BE93402-0F29-4119-AE0D-CEE8CEBC01C5}.Debug|Any CPU.Build.0 = Debug|Any CPU
		{5BE93402-0F29-4119-AE0D-CEE8CEBC01C5}.Release|Any CPU.ActiveCfg = Release|Any CPU
		{5BE93402-0F29-4119-AE0D-CEE8CEBC01C5}.Release|Any CPU.Build.0 = Release|Any CPU
		{2A7966D7-A615-47B2-BDA3-B0EDDDDBA3B8}.Debug|Any CPU.ActiveCfg = Debug|Any CPU
		{2A7966D7-A615-47B2-BDA3-B0EDDDDBA3B8}.Debug|Any CPU.Build.0 = Debug|Any CPU
		{2A7966D7-A615-47B2-BDA3-B0EDDDDBA3B8}.Release|Any CPU.ActiveCfg = Release|Any CPU
		{2A7966D7-A615-47B2-BDA3-B0EDDDDBA3B8}.Release|Any CPU.Build.0 = Release|Any CPU
		{8C0A014C-FE89-4203-AEBF-651D94860001}.Debug|Any CPU.ActiveCfg = Debug|Any CPU
		{8C0A014C-FE89-4203-AEBF-651D94860001}.Debug|Any CPU.Build.0 = Debug|Any CPU
		{8C0A014C-FE89-4203-AEBF-651D94860001}.Release|Any CPU.ActiveCfg = Release|Any CPU
		{8C0A014C-FE89-4203-AEBF-651D94860001}.Release|Any CPU.Build.0 = Release|Any CPU
		{F23FC430-23FA-4E8B-B8FD-E6545F92E242}.Debug|Any CPU.ActiveCfg = Debug|Any CPU
		{F23FC430-23FA-4E8B-B8FD-E6545F92E242}.Debug|Any CPU.Build.0 = Debug|Any CPU
		{F23FC430-23FA-4E8B-B8FD-E6545F92E242}.Release|Any CPU.ActiveCfg = Release|Any CPU
		{F23FC430-23FA-4E8B-B8FD-E6545F92E242}.Release|Any CPU.Build.0 = Release|Any CPU
		{9E5FF504-D12D-48D2-BB1D-79993C37C70C}.Debug|Any CPU.ActiveCfg = Debug|Any CPU
		{9E5FF504-D12D-48D2-BB1D-79993C37C70C}.Debug|Any CPU.Build.0 = Debug|Any CPU
		{9E5FF504-D12D-48D2-BB1D-79993C37C70C}.Release|Any CPU.ActiveCfg = Release|Any CPU
		{9E5FF504-D12D-48D2-BB1D-79993C37C70C}.Release|Any CPU.Build.0 = Release|Any CPU
	EndGlobalSection
	GlobalSection(SolutionProperties) = preSolution
		HideSolutionNode = FALSE
	EndGlobalSection
	GlobalSection(NestedProjects) = preSolution
		{5BE93402-0F29-4119-AE0D-CEE8CEBC01C5} = {D11237AE-243D-42C1-8A25-82170DC49813}
		{8C0A014C-FE89-4203-AEBF-651D94860001} = {714F7E22-DCDF-47C6-AB4A-8D566A85BB86}
		{714F7E22-DCDF-47C6-AB4A-8D566A85BB86} = {C9D38D4D-87B1-4842-802C-D87155CC4C22}
		{F23FC430-23FA-4E8B-B8FD-E6545F92E242} = {714F7E22-DCDF-47C6-AB4A-8D566A85BB86}
		{9E5FF504-D12D-48D2-BB1D-79993C37C70C} = {714F7E22-DCDF-47C6-AB4A-8D566A85BB86}
	EndGlobalSection
	GlobalSection(ExtensibilityGlobals) = postSolution
		SolutionGuid = {9753CC43-86E5-4C84-9862-7DE762E6C60F}
	EndGlobalSection
EndGlobal
